
Microsoft Visual Studio Solution File, Format Version 12.00
# Visual Studio 15
VisualStudioVersion = 15.0.28307.1525
MinimumVisualStudioVersion = 10.0.40219.1
Project("{F2A71F9B-5D33-465A-A702-920D77279786}") = "AxLegacy", "AxLegacy\AxLegacy.fsproj", "{C63B546D-E33F-4518-9019-1E541714D227}"
EndProject
Global
	GlobalSection(SolutionConfigurationPlatforms) = preSolution
		Debug|Any CPU = Debug|Any CPU
		Release|Any CPU = Release|Any CPU
	EndGlobalSection
	GlobalSection(ProjectConfigurationPlatforms) = postSolution
		{C63B546D-E33F-4518-9019-1E541714D227}.Debug|Any CPU.ActiveCfg = Debug|Any CPU
		{C63B546D-E33F-4518-9019-1E541714D227}.Debug|Any CPU.Build.0 = Debug|Any CPU
		{C63B546D-E33F-4518-9019-1E541714D227}.Release|Any CPU.ActiveCfg = Release|Any CPU
		{C63B546D-E33F-4518-9019-1E541714D227}.Release|Any CPU.Build.0 = Release|Any CPU
	EndGlobalSection
	GlobalSection(SolutionProperties) = preSolution
		HideSolutionNode = FALSE
	EndGlobalSection
	GlobalSection(ExtensibilityGlobals) = postSolution
		SolutionGuid = {A5928353-4726-4325-8DFE-72A3BE518E9B}
	EndGlobalSection
EndGlobal
